
Microsoft Visual Studio Solution File, Format Version 12.00
# Visual Studio Version 16
VisualStudioVersion = 16.0.31025.194
MinimumVisualStudioVersion = 10.0.40219.1
Project("{FAE04EC0-301F-11D3-BF4B-00C04F79EFBC}") = "Business", "Business\Business.csproj", "{E3136132-6A8A-4147-A58C-C62FA044A2C2}"
EndProject
Project("{FAE04EC0-301F-11D3-BF4B-00C04F79EFBC}") = "DataAccess", "DataAccess\DataAccess.csproj", "{09FAF55B-78D3-4586-AA23-3AD06D0B2E47}"
EndProject
Project("{FAE04EC0-301F-11D3-BF4B-00C04F79EFBC}") = "Core", "Core\Core.csproj", "{F4EA6A7A-9AE6-4425-A9C2-79461D36D318}"
EndProject
Project("{FAE04EC0-301F-11D3-BF4B-00C04F79EFBC}") = "Entities", "Entities\Entities.csproj", "{FD1234EA-F2D1-48B7-81AB-CB8A4E56946B}"
EndProject
Project("{FAE04EC0-301F-11D3-BF4B-00C04F79EFBC}") = "WebAPI", "WebAPI\WebAPI.csproj", "{7E91132B-F321-4AE7-BA4B-CEB7EA7601B9}"
EndProject
Global
	GlobalSection(SolutionConfigurationPlatforms) = preSolution
		Debug|Any CPU = Debug|Any CPU
		Release|Any CPU = Release|Any CPU
	EndGlobalSection
	GlobalSection(ProjectConfigurationPlatforms) = postSolution
		{E3136132-6A8A-4147-A58C-C62FA044A2C2}.Debug|Any CPU.ActiveCfg = Debug|Any CPU
		{E3136132-6A8A-4147-A58C-C62FA044A2C2}.Debug|Any CPU.Build.0 = Debug|Any CPU
		{E3136132-6A8A-4147-A58C-C62FA044A2C2}.Release|Any CPU.ActiveCfg = Release|Any CPU
		{E3136132-6A8A-4147-A58C-C62FA044A2C2}.Release|Any CPU.Build.0 = Release|Any CPU
		{09FAF55B-78D3-4586-AA23-3AD06D0B2E47}.Debug|Any CPU.ActiveCfg = Debug|Any CPU
		{09FAF55B-78D3-4586-AA23-3AD06D0B2E47}.Debug|Any CPU.Build.0 = Debug|Any CPU
		{09FAF55B-78D3-4586-AA23-3AD06D0B2E47}.Release|Any CPU.ActiveCfg = Release|Any CPU
		{09FAF55B-78D3-4586-AA23-3AD06D0B2E47}.Release|Any CPU.Build.0 = Release|Any CPU
		{F4EA6A7A-9AE6-4425-A9C2-79461D36D318}.Debug|Any CPU.ActiveCfg = Debug|Any CPU
		{F4EA6A7A-9AE6-4425-A9C2-79461D36D318}.Debug|Any CPU.Build.0 = Debug|Any CPU
		{F4EA6A7A-9AE6-4425-A9C2-79461D36D318}.Release|Any CPU.ActiveCfg = Release|Any CPU
		{F4EA6A7A-9AE6-4425-A9C2-79461D36D318}.Release|Any CPU.Build.0 = Release|Any CPU
		{FD1234EA-F2D1-48B7-81AB-CB8A4E56946B}.Debug|Any CPU.ActiveCfg = Debug|Any CPU
		{FD1234EA-F2D1-48B7-81AB-CB8A4E56946B}.Debug|Any CPU.Build.0 = Debug|Any CPU
		{FD1234EA-F2D1-48B7-81AB-CB8A4E56946B}.Release|Any CPU.ActiveCfg = Release|Any CPU
		{FD1234EA-F2D1-48B7-81AB-CB8A4E56946B}.Release|Any CPU.Build.0 = Release|Any CPU
		{7E91132B-F321-4AE7-BA4B-CEB7EA7601B9}.Debug|Any CPU.ActiveCfg = Debug|Any CPU
		{7E91132B-F321-4AE7-BA4B-CEB7EA7601B9}.Debug|Any CPU.Build.0 = Debug|Any CPU
		{7E91132B-F321-4AE7-BA4B-CEB7EA7601B9}.Release|Any CPU.ActiveCfg = Release|Any CPU
		{7E91132B-F321-4AE7-BA4B-CEB7EA7601B9}.Release|Any CPU.Build.0 = Release|Any CPU
	EndGlobalSection
	GlobalSection(SolutionProperties) = preSolution
		HideSolutionNode = FALSE
	EndGlobalSection
	GlobalSection(ExtensibilityGlobals) = postSolution
		SolutionGuid = {42D30BDF-E20C-46C3-92CB-2E8C906E50F8}
	EndGlobalSection
EndGlobal
